
Microsoft Visual Studio Solution File, Format Version 12.00
# Visual Studio 15
VisualStudioVersion = 15.0.27703.2026
MinimumVisualStudioVersion = 10.0.40219.1
Project("{2150E333-8FDC-42A3-9474-1A3956D46DE8}") = "01 - Domain", "01 - Domain", "{BD59AEC5-E327-472E-BE81-1DAE4DC37656}"
EndProject
Project("{2150E333-8FDC-42A3-9474-1A3956D46DE8}") = "02 - Application", "02 - Application", "{AC4E6B56-06AD-4761-B904-7EA0D2A408B5}"
EndProject
Project("{2150E333-8FDC-42A3-9474-1A3956D46DE8}") = "03 - Infrastructure", "03 - Infrastructure", "{809C2835-540C-4D71-BBE8-FDCE33175915}"
EndProject
Project("{2150E333-8FDC-42A3-9474-1A3956D46DE8}") = "04 - Presenters", "04 - Presenters", "{5B3BE5CF-E46E-4F14-957F-B77D13AA3D5C}"
EndProject
Project("{9A19103F-16F7-4668-BE54-9A1E7A4F7556}") = "Mobile.Domain.Interfaces", "Mobile.Domain.Interfaces\Mobile.Domain.Interfaces.csproj", "{A62475BF-5C01-4E67-8AA1-9305CCA5370F}"
EndProject
Project("{9A19103F-16F7-4668-BE54-9A1E7A4F7556}") = "Mobile.Domain.Entities", "Mobile.Domain.Models\Mobile.Domain.Entities.csproj", "{66FCB41E-A18D-4C3E-B55F-C59F63431D5B}"
EndProject
Project("{9A19103F-16F7-4668-BE54-9A1E7A4F7556}") = "Mobile.Application.Models", "Mobile.Application.Models\Mobile.Application.Models.csproj", "{E0708C9D-FB72-48C7-85A9-835099968D3E}"
EndProject
Project("{9A19103F-16F7-4668-BE54-9A1E7A4F7556}") = "Mobile.Forms.Core", "Mobile.Forms\Mobile.Forms.Core.csproj", "{69C94A1E-6843-474E-887C-7FBA1510EADE}"
EndProject
Project("{9A19103F-16F7-4668-BE54-9A1E7A4F7556}") = "Mobile.Forms.Controls", "Mobile.Controls\Mobile.Forms.Controls.csproj", "{F6D0C9DE-B0D9-4F2E-BE9B-8F5F3807FA2B}"
EndProject
Project("{FAE04EC0-301F-11D3-BF4B-00C04F79EFBC}") = "Mobile.Droid", "Mobile.Droid\Mobile.Droid.csproj", "{1639A74E-CD4A-4841-9BC9-88CC47B6395C}"
EndProject
Project("{FAE04EC0-301F-11D3-BF4B-00C04F79EFBC}") = "Mobile.iOS", "Mobile.iOS\Mobile.iOS.csproj", "{21D95C6F-6E53-4076-B119-E7FC229BF010}"
EndProject
Project("{FAE04EC0-301F-11D3-BF4B-00C04F79EFBC}") = "Mobile.UWP", "Mobile.UWP\Mobile.UWP.csproj", "{9FDDDC43-ED8C-4AE7-A60D-DB1002EE2618}"
EndProject
Project("{2150E333-8FDC-42A3-9474-1A3956D46DE8}") = "05 - Tests", "05 - Tests", "{E5940097-4F10-41E5-A407-6476B1A13727}"
EndProject
Project("{9A19103F-16F7-4668-BE54-9A1E7A4F7556}") = "Mobile.UnitTests", "Mobile.UnitTests\Mobile.UnitTests.csproj", "{838CEEEC-6E3E-4BD8-9BBB-846A64629A80}"
EndProject
Project("{FAE04EC0-301F-11D3-BF4B-00C04F79EFBC}") = "Mobile.UITests", "Mobile.UITests\Mobile.UITests.csproj", "{A991B4DF-4D99-4431-A5B5-060EEC37F162}"
EndProject
Project("{9A19103F-16F7-4668-BE54-9A1E7A4F7556}") = "Mobile.Infrastructure.Firebase", "Mobile.Infrastructure.Firebase\Mobile.Infrastructure.Firebase.csproj", "{EB829B78-9D13-4CB0-AE0D-1D9AE217EA4E}"
EndProject
Project("{9A19103F-16F7-4668-BE54-9A1E7A4F7556}") = "Mobile.Infrastructure.SQLite", "Mobile.Infrastructure.SQLite\Mobile.Infrastructure.SQLite.csproj", "{9B039090-8974-46D1-BA67-022BB9F018B7}"
EndProject
Project("{9A19103F-16F7-4668-BE54-9A1E7A4F7556}") = "Mobile.Infrastructure.RealmDB", "Mobile.Infrastructure.RealmDB\Mobile.Infrastructure.RealmDB.csproj", "{89A5D5EC-7377-45A6-8885-C2B3A03B28F9}"
EndProject
Project("{9A19103F-16F7-4668-BE54-9A1E7A4F7556}") = "Mobile.Infrastructure.Business", "Mobile.Infrastructure.Business\Mobile.Infrastructure.Business.csproj", "{671A123C-50C7-4888-9D77-22D2F47EFAE9}"
EndProject
Project("{9A19103F-16F7-4668-BE54-9A1E7A4F7556}") = "Mobile.Application.Interfaces", "Mobile.Application.Interfaces\Mobile.Application.Interfaces.csproj", "{021DA31E-E3B9-48FC-8C34-B408F515DA93}"
EndProject
Project("{2150E333-8FDC-42A3-9474-1A3956D46DE8}") = "Xamarin.Forms", "Xamarin.Forms", "{CE0C8D8E-B823-4ADC-A0C0-0D9C9861D939}"
EndProject
Project("{2150E333-8FDC-42A3-9474-1A3956D46DE8}") = "Platforms", "Platforms", "{34B29A16-136A-4237-ACE7-8D87EC9EB245}"
EndProject
Global
	GlobalSection(SolutionConfigurationPlatforms) = preSolution
		Debug|Any CPU = Debug|Any CPU
		Debug|ARM = Debug|ARM
		Debug|iPhone = Debug|iPhone
		Debug|iPhoneSimulator = Debug|iPhoneSimulator
		Debug|x64 = Debug|x64
		Debug|x86 = Debug|x86
		Release|Any CPU = Release|Any CPU
		Release|ARM = Release|ARM
		Release|iPhone = Release|iPhone
		Release|iPhoneSimulator = Release|iPhoneSimulator
		Release|x64 = Release|x64
		Release|x86 = Release|x86
	EndGlobalSection
	GlobalSection(ProjectConfigurationPlatforms) = postSolution
		{A62475BF-5C01-4E67-8AA1-9305CCA5370F}.Debug|Any CPU.ActiveCfg = Debug|Any CPU
		{A62475BF-5C01-4E67-8AA1-9305CCA5370F}.Debug|Any CPU.Build.0 = Debug|Any CPU
		{A62475BF-5C01-4E67-8AA1-9305CCA5370F}.Debug|ARM.ActiveCfg = Debug|Any CPU
		{A62475BF-5C01-4E67-8AA1-9305CCA5370F}.Debug|ARM.Build.0 = Debug|Any CPU
		{A62475BF-5C01-4E67-8AA1-9305CCA5370F}.Debug|iPhone.ActiveCfg = Debug|Any CPU
		{A62475BF-5C01-4E67-8AA1-9305CCA5370F}.Debug|iPhone.Build.0 = Debug|Any CPU
		{A62475BF-5C01-4E67-8AA1-9305CCA5370F}.Debug|iPhoneSimulator.ActiveCfg = Debug|Any CPU
		{A62475BF-5C01-4E67-8AA1-9305CCA5370F}.Debug|iPhoneSimulator.Build.0 = Debug|Any CPU
		{A62475BF-5C01-4E67-8AA1-9305CCA5370F}.Debug|x64.ActiveCfg = Debug|Any CPU
		{A62475BF-5C01-4E67-8AA1-9305CCA5370F}.Debug|x64.Build.0 = Debug|Any CPU
		{A62475BF-5C01-4E67-8AA1-9305CCA5370F}.Debug|x86.ActiveCfg = Debug|Any CPU
		{A62475BF-5C01-4E67-8AA1-9305CCA5370F}.Debug|x86.Build.0 = Debug|Any CPU
		{A62475BF-5C01-4E67-8AA1-9305CCA5370F}.Release|Any CPU.ActiveCfg = Release|Any CPU
		{A62475BF-5C01-4E67-8AA1-9305CCA5370F}.Release|Any CPU.Build.0 = Release|Any CPU
		{A62475BF-5C01-4E67-8AA1-9305CCA5370F}.Release|ARM.ActiveCfg = Release|Any CPU
		{A62475BF-5C01-4E67-8AA1-9305CCA5370F}.Release|ARM.Build.0 = Release|Any CPU
		{A62475BF-5C01-4E67-8AA1-9305CCA5370F}.Release|iPhone.ActiveCfg = Release|Any CPU
		{A62475BF-5C01-4E67-8AA1-9305CCA5370F}.Release|iPhone.Build.0 = Release|Any CPU
		{A62475BF-5C01-4E67-8AA1-9305CCA5370F}.Release|iPhoneSimulator.ActiveCfg = Release|Any CPU
		{A62475BF-5C01-4E67-8AA1-9305CCA5370F}.Release|iPhoneSimulator.Build.0 = Release|Any CPU
		{A62475BF-5C01-4E67-8AA1-9305CCA5370F}.Release|x64.ActiveCfg = Release|Any CPU
		{A62475BF-5C01-4E67-8AA1-9305CCA5370F}.Release|x64.Build.0 = Release|Any CPU
		{A62475BF-5C01-4E67-8AA1-9305CCA5370F}.Release|x86.ActiveCfg = Release|Any CPU
		{A62475BF-5C01-4E67-8AA1-9305CCA5370F}.Release|x86.Build.0 = Release|Any CPU
		{66FCB41E-A18D-4C3E-B55F-C59F63431D5B}.Debug|Any CPU.ActiveCfg = Debug|Any CPU
		{66FCB41E-A18D-4C3E-B55F-C59F63431D5B}.Debug|Any CPU.Build.0 = Debug|Any CPU
		{66FCB41E-A18D-4C3E-B55F-C59F63431D5B}.Debug|ARM.ActiveCfg = Debug|Any CPU
		{66FCB41E-A18D-4C3E-B55F-C59F63431D5B}.Debug|ARM.Build.0 = Debug|Any CPU
		{66FCB41E-A18D-4C3E-B55F-C59F63431D5B}.Debug|iPhone.ActiveCfg = Debug|Any CPU
		{66FCB41E-A18D-4C3E-B55F-C59F63431D5B}.Debug|iPhone.Build.0 = Debug|Any CPU
		{66FCB41E-A18D-4C3E-B55F-C59F63431D5B}.Debug|iPhoneSimulator.ActiveCfg = Debug|Any CPU
		{66FCB41E-A18D-4C3E-B55F-C59F63431D5B}.Debug|iPhoneSimulator.Build.0 = Debug|Any CPU
		{66FCB41E-A18D-4C3E-B55F-C59F63431D5B}.Debug|x64.ActiveCfg = Debug|Any CPU
		{66FCB41E-A18D-4C3E-B55F-C59F63431D5B}.Debug|x64.Build.0 = Debug|Any CPU
		{66FCB41E-A18D-4C3E-B55F-C59F63431D5B}.Debug|x86.ActiveCfg = Debug|Any CPU
		{66FCB41E-A18D-4C3E-B55F-C59F63431D5B}.Debug|x86.Build.0 = Debug|Any CPU
		{66FCB41E-A18D-4C3E-B55F-C59F63431D5B}.Release|Any CPU.ActiveCfg = Release|Any CPU
		{66FCB41E-A18D-4C3E-B55F-C59F63431D5B}.Release|Any CPU.Build.0 = Release|Any CPU
		{66FCB41E-A18D-4C3E-B55F-C59F63431D5B}.Release|ARM.ActiveCfg = Release|Any CPU
		{66FCB41E-A18D-4C3E-B55F-C59F63431D5B}.Release|ARM.Build.0 = Release|Any CPU
		{66FCB41E-A18D-4C3E-B55F-C59F63431D5B}.Release|iPhone.ActiveCfg = Release|Any CPU
		{66FCB41E-A18D-4C3E-B55F-C59F63431D5B}.Release|iPhone.Build.0 = Release|Any CPU
		{66FCB41E-A18D-4C3E-B55F-C59F63431D5B}.Release|iPhoneSimulator.ActiveCfg = Release|Any CPU
		{66FCB41E-A18D-4C3E-B55F-C59F63431D5B}.Release|iPhoneSimulator.Build.0 = Release|Any CPU
		{66FCB41E-A18D-4C3E-B55F-C59F63431D5B}.Release|x64.ActiveCfg = Release|Any CPU
		{66FCB41E-A18D-4C3E-B55F-C59F63431D5B}.Release|x64.Build.0 = Release|Any CPU
		{66FCB41E-A18D-4C3E-B55F-C59F63431D5B}.Release|x86.ActiveCfg = Release|Any CPU
		{66FCB41E-A18D-4C3E-B55F-C59F63431D5B}.Release|x86.Build.0 = Release|Any CPU
		{E0708C9D-FB72-48C7-85A9-835099968D3E}.Debug|Any CPU.ActiveCfg = Debug|Any CPU
		{E0708C9D-FB72-48C7-85A9-835099968D3E}.Debug|Any CPU.Build.0 = Debug|Any CPU
		{E0708C9D-FB72-48C7-85A9-835099968D3E}.Debug|ARM.ActiveCfg = Debug|Any CPU
		{E0708C9D-FB72-48C7-85A9-835099968D3E}.Debug|ARM.Build.0 = Debug|Any CPU
		{E0708C9D-FB72-48C7-85A9-835099968D3E}.Debug|iPhone.ActiveCfg = Debug|Any CPU
		{E0708C9D-FB72-48C7-85A9-835099968D3E}.Debug|iPhone.Build.0 = Debug|Any CPU
		{E0708C9D-FB72-48C7-85A9-835099968D3E}.Debug|iPhoneSimulator.ActiveCfg = Debug|Any CPU
		{E0708C9D-FB72-48C7-85A9-835099968D3E}.Debug|iPhoneSimulator.Build.0 = Debug|Any CPU
		{E0708C9D-FB72-48C7-85A9-835099968D3E}.Debug|x64.ActiveCfg = Debug|Any CPU
		{E0708C9D-FB72-48C7-85A9-835099968D3E}.Debug|x64.Build.0 = Debug|Any CPU
		{E0708C9D-FB72-48C7-85A9-835099968D3E}.Debug|x86.ActiveCfg = Debug|Any CPU
		{E0708C9D-FB72-48C7-85A9-835099968D3E}.Debug|x86.Build.0 = Debug|Any CPU
		{E0708C9D-FB72-48C7-85A9-835099968D3E}.Release|Any CPU.ActiveCfg = Release|Any CPU
		{E0708C9D-FB72-48C7-85A9-835099968D3E}.Release|Any CPU.Build.0 = Release|Any CPU
		{E0708C9D-FB72-48C7-85A9-835099968D3E}.Release|ARM.ActiveCfg = Release|Any CPU
		{E0708C9D-FB72-48C7-85A9-835099968D3E}.Release|ARM.Build.0 = Release|Any CPU
		{E0708C9D-FB72-48C7-85A9-835099968D3E}.Release|iPhone.ActiveCfg = Release|Any CPU
		{E0708C9D-FB72-48C7-85A9-835099968D3E}.Release|iPhone.Build.0 = Release|Any CPU
		{E0708C9D-FB72-48C7-85A9-835099968D3E}.Release|iPhoneSimulator.ActiveCfg = Release|Any CPU
		{E0708C9D-FB72-48C7-85A9-835099968D3E}.Release|iPhoneSimulator.Build.0 = Release|Any CPU
		{E0708C9D-FB72-48C7-85A9-835099968D3E}.Release|x64.ActiveCfg = Release|Any CPU
		{E0708C9D-FB72-48C7-85A9-835099968D3E}.Release|x64.Build.0 = Release|Any CPU
		{E0708C9D-FB72-48C7-85A9-835099968D3E}.Release|x86.ActiveCfg = Release|Any CPU
		{E0708C9D-FB72-48C7-85A9-835099968D3E}.Release|x86.Build.0 = Release|Any CPU
		{69C94A1E-6843-474E-887C-7FBA1510EADE}.Debug|Any CPU.ActiveCfg = Debug|Any CPU
		{69C94A1E-6843-474E-887C-7FBA1510EADE}.Debug|Any CPU.Build.0 = Debug|Any CPU
		{69C94A1E-6843-474E-887C-7FBA1510EADE}.Debug|ARM.ActiveCfg = Debug|Any CPU
		{69C94A1E-6843-474E-887C-7FBA1510EADE}.Debug|ARM.Build.0 = Debug|Any CPU
		{69C94A1E-6843-474E-887C-7FBA1510EADE}.Debug|iPhone.ActiveCfg = Debug|Any CPU
		{69C94A1E-6843-474E-887C-7FBA1510EADE}.Debug|iPhone.Build.0 = Debug|Any CPU
		{69C94A1E-6843-474E-887C-7FBA1510EADE}.Debug|iPhoneSimulator.ActiveCfg = Debug|Any CPU
		{69C94A1E-6843-474E-887C-7FBA1510EADE}.Debug|iPhoneSimulator.Build.0 = Debug|Any CPU
		{69C94A1E-6843-474E-887C-7FBA1510EADE}.Debug|x64.ActiveCfg = Debug|Any CPU
		{69C94A1E-6843-474E-887C-7FBA1510EADE}.Debug|x64.Build.0 = Debug|Any CPU
		{69C94A1E-6843-474E-887C-7FBA1510EADE}.Debug|x86.ActiveCfg = Debug|Any CPU
		{69C94A1E-6843-474E-887C-7FBA1510EADE}.Debug|x86.Build.0 = Debug|Any CPU
		{69C94A1E-6843-474E-887C-7FBA1510EADE}.Release|Any CPU.ActiveCfg = Release|Any CPU
		{69C94A1E-6843-474E-887C-7FBA1510EADE}.Release|Any CPU.Build.0 = Release|Any CPU
		{69C94A1E-6843-474E-887C-7FBA1510EADE}.Release|ARM.ActiveCfg = Release|Any CPU
		{69C94A1E-6843-474E-887C-7FBA1510EADE}.Release|ARM.Build.0 = Release|Any CPU
		{69C94A1E-6843-474E-887C-7FBA1510EADE}.Release|iPhone.ActiveCfg = Release|Any CPU
		{69C94A1E-6843-474E-887C-7FBA1510EADE}.Release|iPhone.Build.0 = Release|Any CPU
		{69C94A1E-6843-474E-887C-7FBA1510EADE}.Release|iPhoneSimulator.ActiveCfg = Release|Any CPU
		{69C94A1E-6843-474E-887C-7FBA1510EADE}.Release|iPhoneSimulator.Build.0 = Release|Any CPU
		{69C94A1E-6843-474E-887C-7FBA1510EADE}.Release|x64.ActiveCfg = Release|Any CPU
		{69C94A1E-6843-474E-887C-7FBA1510EADE}.Release|x64.Build.0 = Release|Any CPU
		{69C94A1E-6843-474E-887C-7FBA1510EADE}.Release|x86.ActiveCfg = Release|Any CPU
		{69C94A1E-6843-474E-887C-7FBA1510EADE}.Release|x86.Build.0 = Release|Any CPU
		{F6D0C9DE-B0D9-4F2E-BE9B-8F5F3807FA2B}.Debug|Any CPU.ActiveCfg = Debug|Any CPU
		{F6D0C9DE-B0D9-4F2E-BE9B-8F5F3807FA2B}.Debug|Any CPU.Build.0 = Debug|Any CPU
		{F6D0C9DE-B0D9-4F2E-BE9B-8F5F3807FA2B}.Debug|ARM.ActiveCfg = Debug|Any CPU
		{F6D0C9DE-B0D9-4F2E-BE9B-8F5F3807FA2B}.Debug|ARM.Build.0 = Debug|Any CPU
		{F6D0C9DE-B0D9-4F2E-BE9B-8F5F3807FA2B}.Debug|iPhone.ActiveCfg = Debug|Any CPU
		{F6D0C9DE-B0D9-4F2E-BE9B-8F5F3807FA2B}.Debug|iPhone.Build.0 = Debug|Any CPU
		{F6D0C9DE-B0D9-4F2E-BE9B-8F5F3807FA2B}.Debug|iPhoneSimulator.ActiveCfg = Debug|Any CPU
		{F6D0C9DE-B0D9-4F2E-BE9B-8F5F3807FA2B}.Debug|iPhoneSimulator.Build.0 = Debug|Any CPU
		{F6D0C9DE-B0D9-4F2E-BE9B-8F5F3807FA2B}.Debug|x64.ActiveCfg = Debug|Any CPU
		{F6D0C9DE-B0D9-4F2E-BE9B-8F5F3807FA2B}.Debug|x64.Build.0 = Debug|Any CPU
		{F6D0C9DE-B0D9-4F2E-BE9B-8F5F3807FA2B}.Debug|x86.ActiveCfg = Debug|Any CPU
		{F6D0C9DE-B0D9-4F2E-BE9B-8F5F3807FA2B}.Debug|x86.Build.0 = Debug|Any CPU
		{F6D0C9DE-B0D9-4F2E-BE9B-8F5F3807FA2B}.Release|Any CPU.ActiveCfg = Release|Any CPU
		{F6D0C9DE-B0D9-4F2E-BE9B-8F5F3807FA2B}.Release|Any CPU.Build.0 = Release|Any CPU
		{F6D0C9DE-B0D9-4F2E-BE9B-8F5F3807FA2B}.Release|ARM.ActiveCfg = Release|Any CPU
		{F6D0C9DE-B0D9-4F2E-BE9B-8F5F3807FA2B}.Release|ARM.Build.0 = Release|Any CPU
		{F6D0C9DE-B0D9-4F2E-BE9B-8F5F3807FA2B}.Release|iPhone.ActiveCfg = Release|Any CPU
		{F6D0C9DE-B0D9-4F2E-BE9B-8F5F3807FA2B}.Release|iPhone.Build.0 = Release|Any CPU
		{F6D0C9DE-B0D9-4F2E-BE9B-8F5F3807FA2B}.Release|iPhoneSimulator.ActiveCfg = Release|Any CPU
		{F6D0C9DE-B0D9-4F2E-BE9B-8F5F3807FA2B}.Release|iPhoneSimulator.Build.0 = Release|Any CPU
		{F6D0C9DE-B0D9-4F2E-BE9B-8F5F3807FA2B}.Release|x64.ActiveCfg = Release|Any CPU
		{F6D0C9DE-B0D9-4F2E-BE9B-8F5F3807FA2B}.Release|x64.Build.0 = Release|Any CPU
		{F6D0C9DE-B0D9-4F2E-BE9B-8F5F3807FA2B}.Release|x86.ActiveCfg = Release|Any CPU
		{F6D0C9DE-B0D9-4F2E-BE9B-8F5F3807FA2B}.Release|x86.Build.0 = Release|Any CPU
		{1639A74E-CD4A-4841-9BC9-88CC47B6395C}.Debug|Any CPU.ActiveCfg = Debug|Any CPU
		{1639A74E-CD4A-4841-9BC9-88CC47B6395C}.Debug|Any CPU.Build.0 = Debug|Any CPU
		{1639A74E-CD4A-4841-9BC9-88CC47B6395C}.Debug|Any CPU.Deploy.0 = Debug|Any CPU
		{1639A74E-CD4A-4841-9BC9-88CC47B6395C}.Debug|ARM.ActiveCfg = Debug|Any CPU
		{1639A74E-CD4A-4841-9BC9-88CC47B6395C}.Debug|ARM.Build.0 = Debug|Any CPU
		{1639A74E-CD4A-4841-9BC9-88CC47B6395C}.Debug|ARM.Deploy.0 = Debug|Any CPU
		{1639A74E-CD4A-4841-9BC9-88CC47B6395C}.Debug|iPhone.ActiveCfg = Debug|Any CPU
		{1639A74E-CD4A-4841-9BC9-88CC47B6395C}.Debug|iPhone.Build.0 = Debug|Any CPU
		{1639A74E-CD4A-4841-9BC9-88CC47B6395C}.Debug|iPhone.Deploy.0 = Debug|Any CPU
		{1639A74E-CD4A-4841-9BC9-88CC47B6395C}.Debug|iPhoneSimulator.ActiveCfg = Debug|Any CPU
		{1639A74E-CD4A-4841-9BC9-88CC47B6395C}.Debug|iPhoneSimulator.Build.0 = Debug|Any CPU
		{1639A74E-CD4A-4841-9BC9-88CC47B6395C}.Debug|iPhoneSimulator.Deploy.0 = Debug|Any CPU
		{1639A74E-CD4A-4841-9BC9-88CC47B6395C}.Debug|x64.ActiveCfg = Debug|Any CPU
		{1639A74E-CD4A-4841-9BC9-88CC47B6395C}.Debug|x64.Build.0 = Debug|Any CPU
		{1639A74E-CD4A-4841-9BC9-88CC47B6395C}.Debug|x64.Deploy.0 = Debug|Any CPU
		{1639A74E-CD4A-4841-9BC9-88CC47B6395C}.Debug|x86.ActiveCfg = Debug|Any CPU
		{1639A74E-CD4A-4841-9BC9-88CC47B6395C}.Debug|x86.Build.0 = Debug|Any CPU
		{1639A74E-CD4A-4841-9BC9-88CC47B6395C}.Debug|x86.Deploy.0 = Debug|Any CPU
		{1639A74E-CD4A-4841-9BC9-88CC47B6395C}.Release|Any CPU.ActiveCfg = Release|Any CPU
		{1639A74E-CD4A-4841-9BC9-88CC47B6395C}.Release|Any CPU.Build.0 = Release|Any CPU
		{1639A74E-CD4A-4841-9BC9-88CC47B6395C}.Release|Any CPU.Deploy.0 = Release|Any CPU
		{1639A74E-CD4A-4841-9BC9-88CC47B6395C}.Release|ARM.ActiveCfg = Release|Any CPU
		{1639A74E-CD4A-4841-9BC9-88CC47B6395C}.Release|ARM.Build.0 = Release|Any CPU
		{1639A74E-CD4A-4841-9BC9-88CC47B6395C}.Release|ARM.Deploy.0 = Release|Any CPU
		{1639A74E-CD4A-4841-9BC9-88CC47B6395C}.Release|iPhone.ActiveCfg = Release|Any CPU
		{1639A74E-CD4A-4841-9BC9-88CC47B6395C}.Release|iPhone.Build.0 = Release|Any CPU
		{1639A74E-CD4A-4841-9BC9-88CC47B6395C}.Release|iPhone.Deploy.0 = Release|Any CPU
		{1639A74E-CD4A-4841-9BC9-88CC47B6395C}.Release|iPhoneSimulator.ActiveCfg = Release|Any CPU
		{1639A74E-CD4A-4841-9BC9-88CC47B6395C}.Release|iPhoneSimulator.Build.0 = Release|Any CPU
		{1639A74E-CD4A-4841-9BC9-88CC47B6395C}.Release|iPhoneSimulator.Deploy.0 = Release|Any CPU
		{1639A74E-CD4A-4841-9BC9-88CC47B6395C}.Release|x64.ActiveCfg = Release|Any CPU
		{1639A74E-CD4A-4841-9BC9-88CC47B6395C}.Release|x64.Build.0 = Release|Any CPU
		{1639A74E-CD4A-4841-9BC9-88CC47B6395C}.Release|x64.Deploy.0 = Release|Any CPU
		{1639A74E-CD4A-4841-9BC9-88CC47B6395C}.Release|x86.ActiveCfg = Release|Any CPU
		{1639A74E-CD4A-4841-9BC9-88CC47B6395C}.Release|x86.Build.0 = Release|Any CPU
		{1639A74E-CD4A-4841-9BC9-88CC47B6395C}.Release|x86.Deploy.0 = Release|Any CPU
		{21D95C6F-6E53-4076-B119-E7FC229BF010}.Debug|Any CPU.ActiveCfg = Debug|iPhone
		{21D95C6F-6E53-4076-B119-E7FC229BF010}.Debug|ARM.ActiveCfg = Debug|iPhone
		{21D95C6F-6E53-4076-B119-E7FC229BF010}.Debug|iPhone.ActiveCfg = Debug|iPhone
		{21D95C6F-6E53-4076-B119-E7FC229BF010}.Debug|iPhone.Build.0 = Debug|iPhone
		{21D95C6F-6E53-4076-B119-E7FC229BF010}.Debug|iPhoneSimulator.ActiveCfg = Debug|iPhoneSimulator
		{21D95C6F-6E53-4076-B119-E7FC229BF010}.Debug|iPhoneSimulator.Build.0 = Debug|iPhoneSimulator
		{21D95C6F-6E53-4076-B119-E7FC229BF010}.Debug|x64.ActiveCfg = Debug|iPhone
		{21D95C6F-6E53-4076-B119-E7FC229BF010}.Debug|x86.ActiveCfg = Debug|iPhone
		{21D95C6F-6E53-4076-B119-E7FC229BF010}.Release|Any CPU.ActiveCfg = Release|iPhone
		{21D95C6F-6E53-4076-B119-E7FC229BF010}.Release|ARM.ActiveCfg = Release|iPhone
		{21D95C6F-6E53-4076-B119-E7FC229BF010}.Release|iPhone.ActiveCfg = Release|iPhone
		{21D95C6F-6E53-4076-B119-E7FC229BF010}.Release|iPhone.Build.0 = Release|iPhone
		{21D95C6F-6E53-4076-B119-E7FC229BF010}.Release|iPhoneSimulator.ActiveCfg = Release|iPhoneSimulator
		{21D95C6F-6E53-4076-B119-E7FC229BF010}.Release|iPhoneSimulator.Build.0 = Release|iPhoneSimulator
		{21D95C6F-6E53-4076-B119-E7FC229BF010}.Release|x64.ActiveCfg = Release|iPhone
		{21D95C6F-6E53-4076-B119-E7FC229BF010}.Release|x86.ActiveCfg = Release|iPhone
		{9FDDDC43-ED8C-4AE7-A60D-DB1002EE2618}.Debug|Any CPU.ActiveCfg = Debug|x86
		{9FDDDC43-ED8C-4AE7-A60D-DB1002EE2618}.Debug|ARM.ActiveCfg = Debug|ARM
		{9FDDDC43-ED8C-4AE7-A60D-DB1002EE2618}.Debug|ARM.Build.0 = Debug|ARM
		{9FDDDC43-ED8C-4AE7-A60D-DB1002EE2618}.Debug|ARM.Deploy.0 = Debug|ARM
		{9FDDDC43-ED8C-4AE7-A60D-DB1002EE2618}.Debug|iPhone.ActiveCfg = Debug|x86
		{9FDDDC43-ED8C-4AE7-A60D-DB1002EE2618}.Debug|iPhoneSimulator.ActiveCfg = Debug|x86
		{9FDDDC43-ED8C-4AE7-A60D-DB1002EE2618}.Debug|x64.ActiveCfg = Debug|x64
		{9FDDDC43-ED8C-4AE7-A60D-DB1002EE2618}.Debug|x64.Build.0 = Debug|x64
		{9FDDDC43-ED8C-4AE7-A60D-DB1002EE2618}.Debug|x64.Deploy.0 = Debug|x64
		{9FDDDC43-ED8C-4AE7-A60D-DB1002EE2618}.Debug|x86.ActiveCfg = Debug|x86
		{9FDDDC43-ED8C-4AE7-A60D-DB1002EE2618}.Debug|x86.Build.0 = Debug|x86
		{9FDDDC43-ED8C-4AE7-A60D-DB1002EE2618}.Debug|x86.Deploy.0 = Debug|x86
		{9FDDDC43-ED8C-4AE7-A60D-DB1002EE2618}.Release|Any CPU.ActiveCfg = Release|x86
		{9FDDDC43-ED8C-4AE7-A60D-DB1002EE2618}.Release|ARM.ActiveCfg = Release|ARM
		{9FDDDC43-ED8C-4AE7-A60D-DB1002EE2618}.Release|ARM.Build.0 = Release|ARM
		{9FDDDC43-ED8C-4AE7-A60D-DB1002EE2618}.Release|ARM.Deploy.0 = Release|ARM
		{9FDDDC43-ED8C-4AE7-A60D-DB1002EE2618}.Release|iPhone.ActiveCfg = Release|x86
		{9FDDDC43-ED8C-4AE7-A60D-DB1002EE2618}.Release|iPhoneSimulator.ActiveCfg = Release|x86
		{9FDDDC43-ED8C-4AE7-A60D-DB1002EE2618}.Release|x64.ActiveCfg = Release|x64
		{9FDDDC43-ED8C-4AE7-A60D-DB1002EE2618}.Release|x64.Build.0 = Release|x64
		{9FDDDC43-ED8C-4AE7-A60D-DB1002EE2618}.Release|x64.Deploy.0 = Release|x64
		{9FDDDC43-ED8C-4AE7-A60D-DB1002EE2618}.Release|x86.ActiveCfg = Release|x86
		{9FDDDC43-ED8C-4AE7-A60D-DB1002EE2618}.Release|x86.Build.0 = Release|x86
		{9FDDDC43-ED8C-4AE7-A60D-DB1002EE2618}.Release|x86.Deploy.0 = Release|x86
		{838CEEEC-6E3E-4BD8-9BBB-846A64629A80}.Debug|Any CPU.ActiveCfg = Debug|Any CPU
		{838CEEEC-6E3E-4BD8-9BBB-846A64629A80}.Debug|Any CPU.Build.0 = Debug|Any CPU
		{838CEEEC-6E3E-4BD8-9BBB-846A64629A80}.Debug|ARM.ActiveCfg = Debug|Any CPU
		{838CEEEC-6E3E-4BD8-9BBB-846A64629A80}.Debug|ARM.Build.0 = Debug|Any CPU
		{838CEEEC-6E3E-4BD8-9BBB-846A64629A80}.Debug|iPhone.ActiveCfg = Debug|Any CPU
		{838CEEEC-6E3E-4BD8-9BBB-846A64629A80}.Debug|iPhone.Build.0 = Debug|Any CPU
		{838CEEEC-6E3E-4BD8-9BBB-846A64629A80}.Debug|iPhoneSimulator.ActiveCfg = Debug|Any CPU
		{838CEEEC-6E3E-4BD8-9BBB-846A64629A80}.Debug|iPhoneSimulator.Build.0 = Debug|Any CPU
		{838CEEEC-6E3E-4BD8-9BBB-846A64629A80}.Debug|x64.ActiveCfg = Debug|Any CPU
		{838CEEEC-6E3E-4BD8-9BBB-846A64629A80}.Debug|x64.Build.0 = Debug|Any CPU
		{838CEEEC-6E3E-4BD8-9BBB-846A64629A80}.Debug|x86.ActiveCfg = Debug|Any CPU
		{838CEEEC-6E3E-4BD8-9BBB-846A64629A80}.Debug|x86.Build.0 = Debug|Any CPU
		{838CEEEC-6E3E-4BD8-9BBB-846A64629A80}.Release|Any CPU.ActiveCfg = Release|Any CPU
		{838CEEEC-6E3E-4BD8-9BBB-846A64629A80}.Release|Any CPU.Build.0 = Release|Any CPU
		{838CEEEC-6E3E-4BD8-9BBB-846A64629A80}.Release|ARM.ActiveCfg = Release|Any CPU
		{838CEEEC-6E3E-4BD8-9BBB-846A64629A80}.Release|ARM.Build.0 = Release|Any CPU
		{838CEEEC-6E3E-4BD8-9BBB-846A64629A80}.Release|iPhone.ActiveCfg = Release|Any CPU
		{838CEEEC-6E3E-4BD8-9BBB-846A64629A80}.Release|iPhone.Build.0 = Release|Any CPU
		{838CEEEC-6E3E-4BD8-9BBB-846A64629A80}.Release|iPhoneSimulator.ActiveCfg = Release|Any CPU
		{838CEEEC-6E3E-4BD8-9BBB-846A64629A80}.Release|iPhoneSimulator.Build.0 = Release|Any CPU
		{838CEEEC-6E3E-4BD8-9BBB-846A64629A80}.Release|x64.ActiveCfg = Release|Any CPU
		{838CEEEC-6E3E-4BD8-9BBB-846A64629A80}.Release|x64.Build.0 = Release|Any CPU
		{838CEEEC-6E3E-4BD8-9BBB-846A64629A80}.Release|x86.ActiveCfg = Release|Any CPU
		{838CEEEC-6E3E-4BD8-9BBB-846A64629A80}.Release|x86.Build.0 = Release|Any CPU
		{A991B4DF-4D99-4431-A5B5-060EEC37F162}.Debug|Any CPU.ActiveCfg = Debug|Any CPU
		{A991B4DF-4D99-4431-A5B5-060EEC37F162}.Debug|Any CPU.Build.0 = Debug|Any CPU
		{A991B4DF-4D99-4431-A5B5-060EEC37F162}.Debug|ARM.ActiveCfg = Debug|Any CPU
		{A991B4DF-4D99-4431-A5B5-060EEC37F162}.Debug|ARM.Build.0 = Debug|Any CPU
		{A991B4DF-4D99-4431-A5B5-060EEC37F162}.Debug|iPhone.ActiveCfg = Debug|Any CPU
		{A991B4DF-4D99-4431-A5B5-060EEC37F162}.Debug|iPhone.Build.0 = Debug|Any CPU
		{A991B4DF-4D99-4431-A5B5-060EEC37F162}.Debug|iPhoneSimulator.ActiveCfg = Debug|Any CPU
		{A991B4DF-4D99-4431-A5B5-060EEC37F162}.Debug|iPhoneSimulator.Build.0 = Debug|Any CPU
		{A991B4DF-4D99-4431-A5B5-060EEC37F162}.Debug|x64.ActiveCfg = Debug|Any CPU
		{A991B4DF-4D99-4431-A5B5-060EEC37F162}.Debug|x64.Build.0 = Debug|Any CPU
		{A991B4DF-4D99-4431-A5B5-060EEC37F162}.Debug|x86.ActiveCfg = Debug|Any CPU
		{A991B4DF-4D99-4431-A5B5-060EEC37F162}.Debug|x86.Build.0 = Debug|Any CPU
		{A991B4DF-4D99-4431-A5B5-060EEC37F162}.Release|Any CPU.ActiveCfg = Release|Any CPU
		{A991B4DF-4D99-4431-A5B5-060EEC37F162}.Release|Any CPU.Build.0 = Release|Any CPU
		{A991B4DF-4D99-4431-A5B5-060EEC37F162}.Release|ARM.ActiveCfg = Release|Any CPU
		{A991B4DF-4D99-4431-A5B5-060EEC37F162}.Release|ARM.Build.0 = Release|Any CPU
		{A991B4DF-4D99-4431-A5B5-060EEC37F162}.Release|iPhone.ActiveCfg = Release|Any CPU
		{A991B4DF-4D99-4431-A5B5-060EEC37F162}.Release|iPhone.Build.0 = Release|Any CPU
		{A991B4DF-4D99-4431-A5B5-060EEC37F162}.Release|iPhoneSimulator.ActiveCfg = Release|Any CPU
		{A991B4DF-4D99-4431-A5B5-060EEC37F162}.Release|iPhoneSimulator.Build.0 = Release|Any CPU
		{A991B4DF-4D99-4431-A5B5-060EEC37F162}.Release|x64.ActiveCfg = Release|Any CPU
		{A991B4DF-4D99-4431-A5B5-060EEC37F162}.Release|x64.Build.0 = Release|Any CPU
		{A991B4DF-4D99-4431-A5B5-060EEC37F162}.Release|x86.ActiveCfg = Release|Any CPU
		{A991B4DF-4D99-4431-A5B5-060EEC37F162}.Release|x86.Build.0 = Release|Any CPU
		{EB829B78-9D13-4CB0-AE0D-1D9AE217EA4E}.Debug|Any CPU.ActiveCfg = Debug|Any CPU
		{EB829B78-9D13-4CB0-AE0D-1D9AE217EA4E}.Debug|Any CPU.Build.0 = Debug|Any CPU
		{EB829B78-9D13-4CB0-AE0D-1D9AE217EA4E}.Debug|ARM.ActiveCfg = Debug|Any CPU
		{EB829B78-9D13-4CB0-AE0D-1D9AE217EA4E}.Debug|ARM.Build.0 = Debug|Any CPU
		{EB829B78-9D13-4CB0-AE0D-1D9AE217EA4E}.Debug|iPhone.ActiveCfg = Debug|Any CPU
		{EB829B78-9D13-4CB0-AE0D-1D9AE217EA4E}.Debug|iPhone.Build.0 = Debug|Any CPU
		{EB829B78-9D13-4CB0-AE0D-1D9AE217EA4E}.Debug|iPhoneSimulator.ActiveCfg = Debug|Any CPU
		{EB829B78-9D13-4CB0-AE0D-1D9AE217EA4E}.Debug|iPhoneSimulator.Build.0 = Debug|Any CPU
		{EB829B78-9D13-4CB0-AE0D-1D9AE217EA4E}.Debug|x64.ActiveCfg = Debug|Any CPU
		{EB829B78-9D13-4CB0-AE0D-1D9AE217EA4E}.Debug|x64.Build.0 = Debug|Any CPU
		{EB829B78-9D13-4CB0-AE0D-1D9AE217EA4E}.Debug|x86.ActiveCfg = Debug|Any CPU
		{EB829B78-9D13-4CB0-AE0D-1D9AE217EA4E}.Debug|x86.Build.0 = Debug|Any CPU
		{EB829B78-9D13-4CB0-AE0D-1D9AE217EA4E}.Release|Any CPU.ActiveCfg = Release|Any CPU
		{EB829B78-9D13-4CB0-AE0D-1D9AE217EA4E}.Release|Any CPU.Build.0 = Release|Any CPU
		{EB829B78-9D13-4CB0-AE0D-1D9AE217EA4E}.Release|ARM.ActiveCfg = Release|Any CPU
		{EB829B78-9D13-4CB0-AE0D-1D9AE217EA4E}.Release|ARM.Build.0 = Release|Any CPU
		{EB829B78-9D13-4CB0-AE0D-1D9AE217EA4E}.Release|iPhone.ActiveCfg = Release|Any CPU
		{EB829B78-9D13-4CB0-AE0D-1D9AE217EA4E}.Release|iPhone.Build.0 = Release|Any CPU
		{EB829B78-9D13-4CB0-AE0D-1D9AE217EA4E}.Release|iPhoneSimulator.ActiveCfg = Release|Any CPU
		{EB829B78-9D13-4CB0-AE0D-1D9AE217EA4E}.Release|iPhoneSimulator.Build.0 = Release|Any CPU
		{EB829B78-9D13-4CB0-AE0D-1D9AE217EA4E}.Release|x64.ActiveCfg = Release|Any CPU
		{EB829B78-9D13-4CB0-AE0D-1D9AE217EA4E}.Release|x64.Build.0 = Release|Any CPU
		{EB829B78-9D13-4CB0-AE0D-1D9AE217EA4E}.Release|x86.ActiveCfg = Release|Any CPU
		{EB829B78-9D13-4CB0-AE0D-1D9AE217EA4E}.Release|x86.Build.0 = Release|Any CPU
		{9B039090-8974-46D1-BA67-022BB9F018B7}.Debug|Any CPU.ActiveCfg = Debug|Any CPU
		{9B039090-8974-46D1-BA67-022BB9F018B7}.Debug|Any CPU.Build.0 = Debug|Any CPU
		{9B039090-8974-46D1-BA67-022BB9F018B7}.Debug|ARM.ActiveCfg = Debug|Any CPU
		{9B039090-8974-46D1-BA67-022BB9F018B7}.Debug|ARM.Build.0 = Debug|Any CPU
		{9B039090-8974-46D1-BA67-022BB9F018B7}.Debug|iPhone.ActiveCfg = Debug|Any CPU
		{9B039090-8974-46D1-BA67-022BB9F018B7}.Debug|iPhone.Build.0 = Debug|Any CPU
		{9B039090-8974-46D1-BA67-022BB9F018B7}.Debug|iPhoneSimulator.ActiveCfg = Debug|Any CPU
		{9B039090-8974-46D1-BA67-022BB9F018B7}.Debug|iPhoneSimulator.Build.0 = Debug|Any CPU
		{9B039090-8974-46D1-BA67-022BB9F018B7}.Debug|x64.ActiveCfg = Debug|Any CPU
		{9B039090-8974-46D1-BA67-022BB9F018B7}.Debug|x64.Build.0 = Debug|Any CPU
		{9B039090-8974-46D1-BA67-022BB9F018B7}.Debug|x86.ActiveCfg = Debug|Any CPU
		{9B039090-8974-46D1-BA67-022BB9F018B7}.Debug|x86.Build.0 = Debug|Any CPU
		{9B039090-8974-46D1-BA67-022BB9F018B7}.Release|Any CPU.ActiveCfg = Release|Any CPU
		{9B039090-8974-46D1-BA67-022BB9F018B7}.Release|Any CPU.Build.0 = Release|Any CPU
		{9B039090-8974-46D1-BA67-022BB9F018B7}.Release|ARM.ActiveCfg = Release|Any CPU
		{9B039090-8974-46D1-BA67-022BB9F018B7}.Release|ARM.Build.0 = Release|Any CPU
		{9B039090-8974-46D1-BA67-022BB9F018B7}.Release|iPhone.ActiveCfg = Release|Any CPU
		{9B039090-8974-46D1-BA67-022BB9F018B7}.Release|iPhone.Build.0 = Release|Any CPU
		{9B039090-8974-46D1-BA67-022BB9F018B7}.Release|iPhoneSimulator.ActiveCfg = Release|Any CPU
		{9B039090-8974-46D1-BA67-022BB9F018B7}.Release|iPhoneSimulator.Build.0 = Release|Any CPU
		{9B039090-8974-46D1-BA67-022BB9F018B7}.Release|x64.ActiveCfg = Release|Any CPU
		{9B039090-8974-46D1-BA67-022BB9F018B7}.Release|x64.Build.0 = Release|Any CPU
		{9B039090-8974-46D1-BA67-022BB9F018B7}.Release|x86.ActiveCfg = Release|Any CPU
		{9B039090-8974-46D1-BA67-022BB9F018B7}.Release|x86.Build.0 = Release|Any CPU
		{89A5D5EC-7377-45A6-8885-C2B3A03B28F9}.Debug|Any CPU.ActiveCfg = Debug|Any CPU
		{89A5D5EC-7377-45A6-8885-C2B3A03B28F9}.Debug|Any CPU.Build.0 = Debug|Any CPU
		{89A5D5EC-7377-45A6-8885-C2B3A03B28F9}.Debug|ARM.ActiveCfg = Debug|Any CPU
		{89A5D5EC-7377-45A6-8885-C2B3A03B28F9}.Debug|ARM.Build.0 = Debug|Any CPU
		{89A5D5EC-7377-45A6-8885-C2B3A03B28F9}.Debug|iPhone.ActiveCfg = Debug|Any CPU
		{89A5D5EC-7377-45A6-8885-C2B3A03B28F9}.Debug|iPhone.Build.0 = Debug|Any CPU
		{89A5D5EC-7377-45A6-8885-C2B3A03B28F9}.Debug|iPhoneSimulator.ActiveCfg = Debug|Any CPU
		{89A5D5EC-7377-45A6-8885-C2B3A03B28F9}.Debug|iPhoneSimulator.Build.0 = Debug|Any CPU
		{89A5D5EC-7377-45A6-8885-C2B3A03B28F9}.Debug|x64.ActiveCfg = Debug|Any CPU
		{89A5D5EC-7377-45A6-8885-C2B3A03B28F9}.Debug|x64.Build.0 = Debug|Any CPU
		{89A5D5EC-7377-45A6-8885-C2B3A03B28F9}.Debug|x86.ActiveCfg = Debug|Any CPU
		{89A5D5EC-7377-45A6-8885-C2B3A03B28F9}.Debug|x86.Build.0 = Debug|Any CPU
		{89A5D5EC-7377-45A6-8885-C2B3A03B28F9}.Release|Any CPU.ActiveCfg = Release|Any CPU
		{89A5D5EC-7377-45A6-8885-C2B3A03B28F9}.Release|Any CPU.Build.0 = Release|Any CPU
		{89A5D5EC-7377-45A6-8885-C2B3A03B28F9}.Release|ARM.ActiveCfg = Release|Any CPU
		{89A5D5EC-7377-45A6-8885-C2B3A03B28F9}.Release|ARM.Build.0 = Release|Any CPU
		{89A5D5EC-7377-45A6-8885-C2B3A03B28F9}.Release|iPhone.ActiveCfg = Release|Any CPU
		{89A5D5EC-7377-45A6-8885-C2B3A03B28F9}.Release|iPhone.Build.0 = Release|Any CPU
		{89A5D5EC-7377-45A6-8885-C2B3A03B28F9}.Release|iPhoneSimulator.ActiveCfg = Release|Any CPU
		{89A5D5EC-7377-45A6-8885-C2B3A03B28F9}.Release|iPhoneSimulator.Build.0 = Release|Any CPU
		{89A5D5EC-7377-45A6-8885-C2B3A03B28F9}.Release|x64.ActiveCfg = Release|Any CPU
		{89A5D5EC-7377-45A6-8885-C2B3A03B28F9}.Release|x64.Build.0 = Release|Any CPU
		{89A5D5EC-7377-45A6-8885-C2B3A03B28F9}.Release|x86.ActiveCfg = Release|Any CPU
		{89A5D5EC-7377-45A6-8885-C2B3A03B28F9}.Release|x86.Build.0 = Release|Any CPU
		{671A123C-50C7-4888-9D77-22D2F47EFAE9}.Debug|Any CPU.ActiveCfg = Debug|Any CPU
		{671A123C-50C7-4888-9D77-22D2F47EFAE9}.Debug|Any CPU.Build.0 = Debug|Any CPU
		{671A123C-50C7-4888-9D77-22D2F47EFAE9}.Debug|ARM.ActiveCfg = Debug|Any CPU
		{671A123C-50C7-4888-9D77-22D2F47EFAE9}.Debug|ARM.Build.0 = Debug|Any CPU
		{671A123C-50C7-4888-9D77-22D2F47EFAE9}.Debug|iPhone.ActiveCfg = Debug|Any CPU
		{671A123C-50C7-4888-9D77-22D2F47EFAE9}.Debug|iPhone.Build.0 = Debug|Any CPU
		{671A123C-50C7-4888-9D77-22D2F47EFAE9}.Debug|iPhoneSimulator.ActiveCfg = Debug|Any CPU
		{671A123C-50C7-4888-9D77-22D2F47EFAE9}.Debug|iPhoneSimulator.Build.0 = Debug|Any CPU
		{671A123C-50C7-4888-9D77-22D2F47EFAE9}.Debug|x64.ActiveCfg = Debug|Any CPU
		{671A123C-50C7-4888-9D77-22D2F47EFAE9}.Debug|x64.Build.0 = Debug|Any CPU
		{671A123C-50C7-4888-9D77-22D2F47EFAE9}.Debug|x86.ActiveCfg = Debug|Any CPU
		{671A123C-50C7-4888-9D77-22D2F47EFAE9}.Debug|x86.Build.0 = Debug|Any CPU
		{671A123C-50C7-4888-9D77-22D2F47EFAE9}.Release|Any CPU.ActiveCfg = Release|Any CPU
		{671A123C-50C7-4888-9D77-22D2F47EFAE9}.Release|Any CPU.Build.0 = Release|Any CPU
		{671A123C-50C7-4888-9D77-22D2F47EFAE9}.Release|ARM.ActiveCfg = Release|Any CPU
		{671A123C-50C7-4888-9D77-22D2F47EFAE9}.Release|ARM.Build.0 = Release|Any CPU
		{671A123C-50C7-4888-9D77-22D2F47EFAE9}.Release|iPhone.ActiveCfg = Release|Any CPU
		{671A123C-50C7-4888-9D77-22D2F47EFAE9}.Release|iPhone.Build.0 = Release|Any CPU
		{671A123C-50C7-4888-9D77-22D2F47EFAE9}.Release|iPhoneSimulator.ActiveCfg = Release|Any CPU
		{671A123C-50C7-4888-9D77-22D2F47EFAE9}.Release|iPhoneSimulator.Build.0 = Release|Any CPU
		{671A123C-50C7-4888-9D77-22D2F47EFAE9}.Release|x64.ActiveCfg = Release|Any CPU
		{671A123C-50C7-4888-9D77-22D2F47EFAE9}.Release|x64.Build.0 = Release|Any CPU
		{671A123C-50C7-4888-9D77-22D2F47EFAE9}.Release|x86.ActiveCfg = Release|Any CPU
		{671A123C-50C7-4888-9D77-22D2F47EFAE9}.Release|x86.Build.0 = Release|Any CPU
		{021DA31E-E3B9-48FC-8C34-B408F515DA93}.Debug|Any CPU.ActiveCfg = Debug|Any CPU
		{021DA31E-E3B9-48FC-8C34-B408F515DA93}.Debug|Any CPU.Build.0 = Debug|Any CPU
		{021DA31E-E3B9-48FC-8C34-B408F515DA93}.Debug|ARM.ActiveCfg = Debug|Any CPU
		{021DA31E-E3B9-48FC-8C34-B408F515DA93}.Debug|ARM.Build.0 = Debug|Any CPU
		{021DA31E-E3B9-48FC-8C34-B408F515DA93}.Debug|iPhone.ActiveCfg = Debug|Any CPU
		{021DA31E-E3B9-48FC-8C34-B408F515DA93}.Debug|iPhone.Build.0 = Debug|Any CPU
		{021DA31E-E3B9-48FC-8C34-B408F515DA93}.Debug|iPhoneSimulator.ActiveCfg = Debug|Any CPU
		{021DA31E-E3B9-48FC-8C34-B408F515DA93}.Debug|iPhoneSimulator.Build.0 = Debug|Any CPU
		{021DA31E-E3B9-48FC-8C34-B408F515DA93}.Debug|x64.ActiveCfg = Debug|Any CPU
		{021DA31E-E3B9-48FC-8C34-B408F515DA93}.Debug|x64.Build.0 = Debug|Any CPU
		{021DA31E-E3B9-48FC-8C34-B408F515DA93}.Debug|x86.ActiveCfg = Debug|Any CPU
		{021DA31E-E3B9-48FC-8C34-B408F515DA93}.Debug|x86.Build.0 = Debug|Any CPU
		{021DA31E-E3B9-48FC-8C34-B408F515DA93}.Release|Any CPU.ActiveCfg = Release|Any CPU
		{021DA31E-E3B9-48FC-8C34-B408F515DA93}.Release|Any CPU.Build.0 = Release|Any CPU
		{021DA31E-E3B9-48FC-8C34-B408F515DA93}.Release|ARM.ActiveCfg = Release|Any CPU
		{021DA31E-E3B9-48FC-8C34-B408F515DA93}.Release|ARM.Build.0 = Release|Any CPU
		{021DA31E-E3B9-48FC-8C34-B408F515DA93}.Release|iPhone.ActiveCfg = Release|Any CPU
		{021DA31E-E3B9-48FC-8C34-B408F515DA93}.Release|iPhone.Build.0 = Release|Any CPU
		{021DA31E-E3B9-48FC-8C34-B408F515DA93}.Release|iPhoneSimulator.ActiveCfg = Release|Any CPU
		{021DA31E-E3B9-48FC-8C34-B408F515DA93}.Release|iPhoneSimulator.Build.0 = Release|Any CPU
		{021DA31E-E3B9-48FC-8C34-B408F515DA93}.Release|x64.ActiveCfg = Release|Any CPU
		{021DA31E-E3B9-48FC-8C34-B408F515DA93}.Release|x64.Build.0 = Release|Any CPU
		{021DA31E-E3B9-48FC-8C34-B408F515DA93}.Release|x86.ActiveCfg = Release|Any CPU
		{021DA31E-E3B9-48FC-8C34-B408F515DA93}.Release|x86.Build.0 = Release|Any CPU
	EndGlobalSection
	GlobalSection(SolutionProperties) = preSolution
		HideSolutionNode = FALSE
	EndGlobalSection
	GlobalSection(NestedProjects) = preSolution
		{A62475BF-5C01-4E67-8AA1-9305CCA5370F} = {BD59AEC5-E327-472E-BE81-1DAE4DC37656}
		{66FCB41E-A18D-4C3E-B55F-C59F63431D5B} = {BD59AEC5-E327-472E-BE81-1DAE4DC37656}
		{E0708C9D-FB72-48C7-85A9-835099968D3E} = {AC4E6B56-06AD-4761-B904-7EA0D2A408B5}
		{69C94A1E-6843-474E-887C-7FBA1510EADE} = {CE0C8D8E-B823-4ADC-A0C0-0D9C9861D939}
		{F6D0C9DE-B0D9-4F2E-BE9B-8F5F3807FA2B} = {CE0C8D8E-B823-4ADC-A0C0-0D9C9861D939}
		{1639A74E-CD4A-4841-9BC9-88CC47B6395C} = {34B29A16-136A-4237-ACE7-8D87EC9EB245}
		{21D95C6F-6E53-4076-B119-E7FC229BF010} = {34B29A16-136A-4237-ACE7-8D87EC9EB245}
		{9FDDDC43-ED8C-4AE7-A60D-DB1002EE2618} = {34B29A16-136A-4237-ACE7-8D87EC9EB245}
		{838CEEEC-6E3E-4BD8-9BBB-846A64629A80} = {E5940097-4F10-41E5-A407-6476B1A13727}
		{A991B4DF-4D99-4431-A5B5-060EEC37F162} = {E5940097-4F10-41E5-A407-6476B1A13727}
		{EB829B78-9D13-4CB0-AE0D-1D9AE217EA4E} = {809C2835-540C-4D71-BBE8-FDCE33175915}
		{9B039090-8974-46D1-BA67-022BB9F018B7} = {809C2835-540C-4D71-BBE8-FDCE33175915}
		{89A5D5EC-7377-45A6-8885-C2B3A03B28F9} = {809C2835-540C-4D71-BBE8-FDCE33175915}
		{671A123C-50C7-4888-9D77-22D2F47EFAE9} = {809C2835-540C-4D71-BBE8-FDCE33175915}
		{021DA31E-E3B9-48FC-8C34-B408F515DA93} = {AC4E6B56-06AD-4761-B904-7EA0D2A408B5}
		{CE0C8D8E-B823-4ADC-A0C0-0D9C9861D939} = {5B3BE5CF-E46E-4F14-957F-B77D13AA3D5C}
		{34B29A16-136A-4237-ACE7-8D87EC9EB245} = {CE0C8D8E-B823-4ADC-A0C0-0D9C9861D939}
	EndGlobalSection
	GlobalSection(ExtensibilityGlobals) = postSolution
		SolutionGuid = {A9D0B79D-D729-42AB-BD4E-4DFC1F5509B4}
	EndGlobalSection
EndGlobal
